
Microsoft Visual Studio Solution File, Format Version 12.00
# Visual Studio Version 16
VisualStudioVersion = 16.0.30114.105
MinimumVisualStudioVersion = 10.0.40219.1
Project("{FAE04EC0-301F-11D3-BF4B-00C04F79EFBC}") = "eds_currencyConverter", "eds_currencyConverter.csproj", "{4D407C60-4F24-4B51-9D18-5F899D31898E}"
EndProject
Global
	GlobalSection(SolutionConfigurationPlatforms) = preSolution
		Debug|Any CPU = Debug|Any CPU
		Release|Any CPU = Release|Any CPU
	EndGlobalSection
	GlobalSection(ProjectConfigurationPlatforms) = postSolution
		{4D407C60-4F24-4B51-9D18-5F899D31898E}.Debug|Any CPU.ActiveCfg = Debug|Any CPU
		{4D407C60-4F24-4B51-9D18-5F899D31898E}.Debug|Any CPU.Build.0 = Debug|Any CPU
		{4D407C60-4F24-4B51-9D18-5F899D31898E}.Release|Any CPU.ActiveCfg = Release|Any CPU
		{4D407C60-4F24-4B51-9D18-5F899D31898E}.Release|Any CPU.Build.0 = Release|Any CPU
	EndGlobalSection
	GlobalSection(SolutionProperties) = preSolution
		HideSolutionNode = FALSE
	EndGlobalSection
	GlobalSection(ExtensibilityGlobals) = postSolution
		SolutionGuid = {52AB991C-6EB6-4D8D-9FF9-C0A3FB7ED7B0}
	EndGlobalSection
EndGlobal
